{
    "_readme": [
        "This file locks the dependencies of your project to a known state",
        "Read more about it at https://getcomposer.org/doc/01-basic-usage.md#installing-dependencies",
        "This file is @generated automatically"
    ],
    "content-hash": "f99f61b95f625a0c49104bd35fb7a4ba",
    "packages": [
        {
            "name": "platformsh/config-reader",
            "version": "2.4.0",
            "source": {
                "type": "git",
                "url": "https://github.com/platformsh/config-reader-php.git",
                "reference": "5511abfdb673ccfcf0eac9eaf65204f73edd90fd"
            },
            "dist": {
                "type": "zip",
                "url": "https://api.github.com/repos/platformsh/config-reader-php/zipball/5511abfdb673ccfcf0eac9eaf65204f73edd90fd",
                "reference": "5511abfdb673ccfcf0eac9eaf65204f73edd90fd",
                "shasum": ""
            },
            "require": {
                "php": ">=7.2"
            },
            "require-dev": {
                "phpunit/phpunit": "^8.5"
            },
            "type": "library",
            "autoload": {
                "psr-4": {
                    "Platformsh\\ConfigReader\\": "src"
                }
            },
            "notification-url": "https://packagist.org/downloads/",
            "license": [
                "MIT"
            ],
            "authors": [
                {
                    "name": "Larry Garfield",
                    "email": "larry@platform.sh"
                }
            ],
            "description": "Small helper to access Platform.sh environment variables",
            "support": {
                "issues": "https://github.com/platformsh/config-reader-php/issues",
                "source": "https://github.com/platformsh/config-reader-php/tree/2.4.0"
            },
            "time": "2020-12-10T20:50:12+00:00"
        }
    ],
    "packages-dev": [],
    "aliases": [],
    "minimum-stability": "stable",
    "stability-flags": [],
    "prefer-stable": false,
    "prefer-lowest": false,
    "platform": {
        "php": ">=7.4"
    },
    "platform-dev": [],
    "plugin-api-version": "2.1.0"
}
